
Microsoft Visual Studio Solution File, Format Version 12.00
# Visual Studio Version 17
VisualStudioVersion = 17.9.34902.65
MinimumVisualStudioVersion = 10.0.40219.1
Project("{FAE04EC0-301F-11D3-BF4B-00C04F79EFBC}") = "PenaticCore.API", "PenaticCore.API\PenaticCore.API.csproj", "{6F1B68F5-F89E-4BA5-8FC9-D4A10BE39067}"
EndProject
Project("{FAE04EC0-301F-11D3-BF4B-00C04F79EFBC}") = "PenaticCore.Application", "PenaticCore.Application\PenaticCore.Application.csproj", "{88C2C762-F868-4273-8EA6-45809F59167A}"
EndProject
Project("{FAE04EC0-301F-11D3-BF4B-00C04F79EFBC}") = "PenaticCore.Domain", "PenaticCore.Domain\PenaticCore.Domain.csproj", "{4FF65C52-06F3-4AA2-AA50-C7FB238F3C21}"
EndProject
Project("{FAE04EC0-301F-11D3-BF4B-00C04F79EFBC}") = "PenaticCore.Infrastructure", "PenaticCore.Infrastructure\PenaticCore.Infrastructure.csproj", "{2A9F2AF5-14D7-430B-97EF-F868B308CF9F}"
EndProject
Global
	GlobalSection(SolutionConfigurationPlatforms) = preSolution
		Debug|Any CPU = Debug|Any CPU
		Release|Any CPU = Release|Any CPU
	EndGlobalSection
	GlobalSection(ProjectConfigurationPlatforms) = postSolution
		{6F1B68F5-F89E-4BA5-8FC9-D4A10BE39067}.Debug|Any CPU.ActiveCfg = Debug|Any CPU
		{6F1B68F5-F89E-4BA5-8FC9-D4A10BE39067}.Debug|Any CPU.Build.0 = Debug|Any CPU
		{6F1B68F5-F89E-4BA5-8FC9-D4A10BE39067}.Release|Any CPU.ActiveCfg = Release|Any CPU
		{6F1B68F5-F89E-4BA5-8FC9-D4A10BE39067}.Release|Any CPU.Build.0 = Release|Any CPU
		{88C2C762-F868-4273-8EA6-45809F59167A}.Debug|Any CPU.ActiveCfg = Debug|Any CPU
		{88C2C762-F868-4273-8EA6-45809F59167A}.Debug|Any CPU.Build.0 = Debug|Any CPU
		{88C2C762-F868-4273-8EA6-45809F59167A}.Release|Any CPU.ActiveCfg = Release|Any CPU
		{88C2C762-F868-4273-8EA6-45809F59167A}.Release|Any CPU.Build.0 = Release|Any CPU
		{4FF65C52-06F3-4AA2-AA50-C7FB238F3C21}.Debug|Any CPU.ActiveCfg = Debug|Any CPU
		{4FF65C52-06F3-4AA2-AA50-C7FB238F3C21}.Debug|Any CPU.Build.0 = Debug|Any CPU
		{4FF65C52-06F3-4AA2-AA50-C7FB238F3C21}.Release|Any CPU.ActiveCfg = Release|Any CPU
		{4FF65C52-06F3-4AA2-AA50-C7FB238F3C21}.Release|Any CPU.Build.0 = Release|Any CPU
		{2A9F2AF5-14D7-430B-97EF-F868B308CF9F}.Debug|Any CPU.ActiveCfg = Debug|Any CPU
		{2A9F2AF5-14D7-430B-97EF-F868B308CF9F}.Debug|Any CPU.Build.0 = Debug|Any CPU
		{2A9F2AF5-14D7-430B-97EF-F868B308CF9F}.Release|Any CPU.ActiveCfg = Release|Any CPU
		{2A9F2AF5-14D7-430B-97EF-F868B308CF9F}.Release|Any CPU.Build.0 = Release|Any CPU
	EndGlobalSection
	GlobalSection(SolutionProperties) = preSolution
		HideSolutionNode = FALSE
	EndGlobalSection
	GlobalSection(ExtensibilityGlobals) = postSolution
		SolutionGuid = {D3C877D1-0B68-4E47-8C8A-EB5C5CDD8D36}
	EndGlobalSection
EndGlobal
